
Microsoft Visual Studio Solution File, Format Version 12.00
# Visual Studio Version 17
VisualStudioVersion = 17.7.34221.43
MinimumVisualStudioVersion = 10.0.40219.1
Project("{FAE04EC0-301F-11D3-BF4B-00C04F79EFBC}") = "CalcuPrueba", "CalcuPrueba\CalcuPrueba.csproj", "{5739350A-24C9-40CA-AF6D-0AA45C6B5347}"
EndProject
Global
	GlobalSection(SolutionConfigurationPlatforms) = preSolution
		Debug|Any CPU = Debug|Any CPU
		Release|Any CPU = Release|Any CPU
	EndGlobalSection
	GlobalSection(ProjectConfigurationPlatforms) = postSolution
		{5739350A-24C9-40CA-AF6D-0AA45C6B5347}.Debug|Any CPU.ActiveCfg = Debug|Any CPU
		{5739350A-24C9-40CA-AF6D-0AA45C6B5347}.Debug|Any CPU.Build.0 = Debug|Any CPU
		{5739350A-24C9-40CA-AF6D-0AA45C6B5347}.Release|Any CPU.ActiveCfg = Release|Any CPU
		{5739350A-24C9-40CA-AF6D-0AA45C6B5347}.Release|Any CPU.Build.0 = Release|Any CPU
	EndGlobalSection
	GlobalSection(SolutionProperties) = preSolution
		HideSolutionNode = FALSE
	EndGlobalSection
	GlobalSection(ExtensibilityGlobals) = postSolution
		SolutionGuid = {802308D1-2012-4F81-B9FC-CCD2A5E160AC}
	EndGlobalSection
EndGlobal
